
Microsoft Visual Studio Solution File, Format Version 12.00
Project("{FAE04EC0-301F-11D3-BF4B-00C04F79EFBC}") = "OfferApplication.API", "OfferApplication.API\OfferApplication.API.csproj", "{6F1C892C-B220-440E-8C73-CED36EEDB86D}"
EndProject
Project("{FAE04EC0-301F-11D3-BF4B-00C04F79EFBC}") = "OfferApplication.Domain", "OfferApplication.Domain\OfferApplication.Domain.csproj", "{95B0DA78-34AB-4E4E-9370-D90A9EB6FFCD}"
EndProject
Project("{FAE04EC0-301F-11D3-BF4B-00C04F79EFBC}") = "OfferApplication.Services", "OfferApplication.Services\OfferApplication.Services.csproj", "{76F4AE78-B957-4531-95A8-C5C108CED098}"
EndProject
Global
	GlobalSection(SolutionConfigurationPlatforms) = preSolution
		Debug|Any CPU = Debug|Any CPU
		Release|Any CPU = Release|Any CPU
	EndGlobalSection
	GlobalSection(ProjectConfigurationPlatforms) = postSolution
		{6F1C892C-B220-440E-8C73-CED36EEDB86D}.Debug|Any CPU.ActiveCfg = Debug|Any CPU
		{6F1C892C-B220-440E-8C73-CED36EEDB86D}.Debug|Any CPU.Build.0 = Debug|Any CPU
		{6F1C892C-B220-440E-8C73-CED36EEDB86D}.Release|Any CPU.ActiveCfg = Release|Any CPU
		{6F1C892C-B220-440E-8C73-CED36EEDB86D}.Release|Any CPU.Build.0 = Release|Any CPU
		{95B0DA78-34AB-4E4E-9370-D90A9EB6FFCD}.Debug|Any CPU.ActiveCfg = Debug|Any CPU
		{95B0DA78-34AB-4E4E-9370-D90A9EB6FFCD}.Debug|Any CPU.Build.0 = Debug|Any CPU
		{95B0DA78-34AB-4E4E-9370-D90A9EB6FFCD}.Release|Any CPU.ActiveCfg = Release|Any CPU
		{95B0DA78-34AB-4E4E-9370-D90A9EB6FFCD}.Release|Any CPU.Build.0 = Release|Any CPU
		{76F4AE78-B957-4531-95A8-C5C108CED098}.Debug|Any CPU.ActiveCfg = Debug|Any CPU
		{76F4AE78-B957-4531-95A8-C5C108CED098}.Debug|Any CPU.Build.0 = Debug|Any CPU
		{76F4AE78-B957-4531-95A8-C5C108CED098}.Release|Any CPU.ActiveCfg = Release|Any CPU
		{76F4AE78-B957-4531-95A8-C5C108CED098}.Release|Any CPU.Build.0 = Release|Any CPU
	EndGlobalSection
EndGlobal
